
Microsoft Visual Studio Solution File, Format Version 12.00
# Visual Studio Version 16
VisualStudioVersion = 16.0.32106.194
MinimumVisualStudioVersion = 10.0.40219.1
Project("{FAE04EC0-301F-11D3-BF4B-00C04F79EFBC}") = "AllocationDynamique 1D", "AllocationDynamique 1D.csproj", "{F5144FFF-E31E-4430-8909-D8415EF1DEE0}"
EndProject
Global
	GlobalSection(SolutionConfigurationPlatforms) = preSolution
		Debug|Any CPU = Debug|Any CPU
		Release|Any CPU = Release|Any CPU
	EndGlobalSection
	GlobalSection(ProjectConfigurationPlatforms) = postSolution
		{F5144FFF-E31E-4430-8909-D8415EF1DEE0}.Debug|Any CPU.ActiveCfg = Debug|Any CPU
		{F5144FFF-E31E-4430-8909-D8415EF1DEE0}.Debug|Any CPU.Build.0 = Debug|Any CPU
		{F5144FFF-E31E-4430-8909-D8415EF1DEE0}.Release|Any CPU.ActiveCfg = Release|Any CPU
		{F5144FFF-E31E-4430-8909-D8415EF1DEE0}.Release|Any CPU.Build.0 = Release|Any CPU
	EndGlobalSection
	GlobalSection(SolutionProperties) = preSolution
		HideSolutionNode = FALSE
	EndGlobalSection
	GlobalSection(ExtensibilityGlobals) = postSolution
		SolutionGuid = {98D879D2-12D9-464C-9517-DF9E3C4A1F8B}
	EndGlobalSection
EndGlobal
