
Microsoft Visual Studio Solution File, Format Version 12.00
# Visual Studio Version 16
VisualStudioVersion = 16.0.32413.511
MinimumVisualStudioVersion = 10.0.40219.1
Project("{FAE04EC0-301F-11D3-BF4B-00C04F79EFBC}") = "ExercicesCollections", "ExercicesCollections.csproj", "{D2C7067D-F752-4E46-910F-54F928AB84FB}"
EndProject
Global
	GlobalSection(SolutionConfigurationPlatforms) = preSolution
		Debug|Any CPU = Debug|Any CPU
		Release|Any CPU = Release|Any CPU
	EndGlobalSection
	GlobalSection(ProjectConfigurationPlatforms) = postSolution
		{D2C7067D-F752-4E46-910F-54F928AB84FB}.Debug|Any CPU.ActiveCfg = Debug|Any CPU
		{D2C7067D-F752-4E46-910F-54F928AB84FB}.Debug|Any CPU.Build.0 = Debug|Any CPU
		{D2C7067D-F752-4E46-910F-54F928AB84FB}.Release|Any CPU.ActiveCfg = Release|Any CPU
		{D2C7067D-F752-4E46-910F-54F928AB84FB}.Release|Any CPU.Build.0 = Release|Any CPU
	EndGlobalSection
	GlobalSection(SolutionProperties) = preSolution
		HideSolutionNode = FALSE
	EndGlobalSection
	GlobalSection(ExtensibilityGlobals) = postSolution
		SolutionGuid = {4E89DBC1-DC24-48F2-8F22-5D2F3D58619A}
	EndGlobalSection
EndGlobal
