
Microsoft Visual Studio Solution File, Format Version 12.00
# Visual Studio Version 16
VisualStudioVersion = 16.0.32602.291
MinimumVisualStudioVersion = 10.0.40219.1
Project("{FAE04EC0-301F-11D3-BF4B-00C04F79EFBC}") = "Exercices_20220621_E2", "Exercices_20220621_E2.csproj", "{A07F530C-C254-4718-95E5-506D031FF6D1}"
EndProject
Global
	GlobalSection(SolutionConfigurationPlatforms) = preSolution
		Debug|Any CPU = Debug|Any CPU
		Debug|x64 = Debug|x64
		Release|Any CPU = Release|Any CPU
		Release|x64 = Release|x64
	EndGlobalSection
	GlobalSection(ProjectConfigurationPlatforms) = postSolution
		{A07F530C-C254-4718-95E5-506D031FF6D1}.Debug|Any CPU.ActiveCfg = Debug|Any CPU
		{A07F530C-C254-4718-95E5-506D031FF6D1}.Debug|Any CPU.Build.0 = Debug|Any CPU
		{A07F530C-C254-4718-95E5-506D031FF6D1}.Debug|x64.ActiveCfg = Debug|x64
		{A07F530C-C254-4718-95E5-506D031FF6D1}.Debug|x64.Build.0 = Debug|x64
		{A07F530C-C254-4718-95E5-506D031FF6D1}.Release|Any CPU.ActiveCfg = Release|Any CPU
		{A07F530C-C254-4718-95E5-506D031FF6D1}.Release|Any CPU.Build.0 = Release|Any CPU
		{A07F530C-C254-4718-95E5-506D031FF6D1}.Release|x64.ActiveCfg = Release|x64
		{A07F530C-C254-4718-95E5-506D031FF6D1}.Release|x64.Build.0 = Release|x64
	EndGlobalSection
	GlobalSection(SolutionProperties) = preSolution
		HideSolutionNode = FALSE
	EndGlobalSection
	GlobalSection(ExtensibilityGlobals) = postSolution
		SolutionGuid = {DBE4F9D9-C769-483C-A304-77BBA84898F7}
	EndGlobalSection
EndGlobal
