
Microsoft Visual Studio Solution File, Format Version 12.00
# Visual Studio Version 17
VisualStudioVersion = 17.0.32014.148
MinimumVisualStudioVersion = 10.0.40219.1
Project("{9A19103F-16F7-4668-BE54-9A1E7A4F7556}") = "SurfaceCercle", "SurfaceCercle.csproj", "{FCAFFB1D-BA84-45B7-931E-2BD709407AB4}"
EndProject
Global
	GlobalSection(SolutionConfigurationPlatforms) = preSolution
		Debug|Any CPU = Debug|Any CPU
		Debug|x64 = Debug|x64
		Release|Any CPU = Release|Any CPU
		Release|x64 = Release|x64
	EndGlobalSection
	GlobalSection(ProjectConfigurationPlatforms) = postSolution
		{FCAFFB1D-BA84-45B7-931E-2BD709407AB4}.Debug|Any CPU.ActiveCfg = Debug|Any CPU
		{FCAFFB1D-BA84-45B7-931E-2BD709407AB4}.Debug|Any CPU.Build.0 = Debug|Any CPU
		{FCAFFB1D-BA84-45B7-931E-2BD709407AB4}.Debug|x64.ActiveCfg = Debug|x64
		{FCAFFB1D-BA84-45B7-931E-2BD709407AB4}.Debug|x64.Build.0 = Debug|x64
		{FCAFFB1D-BA84-45B7-931E-2BD709407AB4}.Release|Any CPU.ActiveCfg = Release|Any CPU
		{FCAFFB1D-BA84-45B7-931E-2BD709407AB4}.Release|Any CPU.Build.0 = Release|Any CPU
		{FCAFFB1D-BA84-45B7-931E-2BD709407AB4}.Release|x64.ActiveCfg = Release|x64
		{FCAFFB1D-BA84-45B7-931E-2BD709407AB4}.Release|x64.Build.0 = Release|x64
	EndGlobalSection
	GlobalSection(SolutionProperties) = preSolution
		HideSolutionNode = FALSE
	EndGlobalSection
	GlobalSection(ExtensibilityGlobals) = postSolution
		SolutionGuid = {49FF3C34-C87E-414D-8C59-13E9D9BB8D4A}
	EndGlobalSection
EndGlobal
