
Microsoft Visual Studio Solution File, Format Version 12.00
# Visual Studio Version 17
VisualStudioVersion = 17.1.32210.238
MinimumVisualStudioVersion = 10.0.40219.1
Project("{9A19103F-16F7-4668-BE54-9A1E7A4F7556}") = "Demo_Param2_ref", "Demo_Param2_ref.csproj", "{DF65C33A-453B-4959-9AF0-D5A7082DD71C}"
EndProject
Global
	GlobalSection(SolutionConfigurationPlatforms) = preSolution
		Debug|Any CPU = Debug|Any CPU
		Release|Any CPU = Release|Any CPU
	EndGlobalSection
	GlobalSection(ProjectConfigurationPlatforms) = postSolution
		{DF65C33A-453B-4959-9AF0-D5A7082DD71C}.Debug|Any CPU.ActiveCfg = Debug|Any CPU
		{DF65C33A-453B-4959-9AF0-D5A7082DD71C}.Debug|Any CPU.Build.0 = Debug|Any CPU
		{DF65C33A-453B-4959-9AF0-D5A7082DD71C}.Release|Any CPU.ActiveCfg = Release|Any CPU
		{DF65C33A-453B-4959-9AF0-D5A7082DD71C}.Release|Any CPU.Build.0 = Release|Any CPU
	EndGlobalSection
	GlobalSection(SolutionProperties) = preSolution
		HideSolutionNode = FALSE
	EndGlobalSection
	GlobalSection(ExtensibilityGlobals) = postSolution
		SolutionGuid = {7110576F-325A-483D-B9A6-BE6A1A36DEA9}
	EndGlobalSection
EndGlobal
